
Microsoft Visual Studio Solution File, Format Version 12.00
# Visual Studio Version 17
VisualStudioVersion = 17.7.34031.279
MinimumVisualStudioVersion = 10.0.40219.1
Project("{8BC9CEB8-8B4A-11D0-8D11-00A0C91BC942}") = "OrderBook", "OrderBook\OrderBook.vcxproj", "{026D0A4D-5D02-4DC1-B5F7-1D8A04DC4A58}"
EndProject
Project("{8BC9CEB8-8B4A-11D0-8D11-00A0C91BC942}") = "OrcerBook_V2", "OrcerBook_V2\OrcerBook_V2.vcxproj", "{DB4F0860-9E85-4F12-8AAF-9FE816578245}"
EndProject
Global
	GlobalSection(SolutionConfigurationPlatforms) = preSolution
		Debug|x64 = Debug|x64
		Debug|x86 = Debug|x86
		Release|x64 = Release|x64
		Release|x86 = Release|x86
	EndGlobalSection
	GlobalSection(ProjectConfigurationPlatforms) = postSolution
		{026D0A4D-5D02-4DC1-B5F7-1D8A04DC4A58}.Debug|x64.ActiveCfg = Debug|x64
		{026D0A4D-5D02-4DC1-B5F7-1D8A04DC4A58}.Debug|x64.Build.0 = Debug|x64
		{026D0A4D-5D02-4DC1-B5F7-1D8A04DC4A58}.Debug|x86.ActiveCfg = Debug|Win32
		{026D0A4D-5D02-4DC1-B5F7-1D8A04DC4A58}.Debug|x86.Build.0 = Debug|Win32
		{026D0A4D-5D02-4DC1-B5F7-1D8A04DC4A58}.Release|x64.ActiveCfg = Release|x64
		{026D0A4D-5D02-4DC1-B5F7-1D8A04DC4A58}.Release|x64.Build.0 = Release|x64
		{026D0A4D-5D02-4DC1-B5F7-1D8A04DC4A58}.Release|x86.ActiveCfg = Release|Win32
		{026D0A4D-5D02-4DC1-B5F7-1D8A04DC4A58}.Release|x86.Build.0 = Release|Win32
		{DB4F0860-9E85-4F12-8AAF-9FE816578245}.Debug|x64.ActiveCfg = Debug|x64
		{DB4F0860-9E85-4F12-8AAF-9FE816578245}.Debug|x64.Build.0 = Debug|x64
		{DB4F0860-9E85-4F12-8AAF-9FE816578245}.Debug|x86.ActiveCfg = Debug|Win32
		{DB4F0860-9E85-4F12-8AAF-9FE816578245}.Debug|x86.Build.0 = Debug|Win32
		{DB4F0860-9E85-4F12-8AAF-9FE816578245}.Release|x64.ActiveCfg = Release|x64
		{DB4F0860-9E85-4F12-8AAF-9FE816578245}.Release|x64.Build.0 = Release|x64
		{DB4F0860-9E85-4F12-8AAF-9FE816578245}.Release|x86.ActiveCfg = Release|Win32
		{DB4F0860-9E85-4F12-8AAF-9FE816578245}.Release|x86.Build.0 = Release|Win32
	EndGlobalSection
	GlobalSection(SolutionProperties) = preSolution
		HideSolutionNode = FALSE
	EndGlobalSection
	GlobalSection(ExtensibilityGlobals) = postSolution
		SolutionGuid = {8B9EB16E-CB58-4F19-8925-06D2937DD1BA}
	EndGlobalSection
EndGlobal
